{
  "name": "is-reference",
  "version": "2.0.0",
  "lockfileVersion": 2,
  "requires": true,
  "packages": {
    "": {
      "version": "2.0.0",
      "license": "MIT",
      "dependencies": {
        "@types/estree": "^0.0.46"
      },
      "devDependencies": {
        "acorn": "^8.0.5",
        "acorn-class-fields": "^1.0.0",
        "acorn-static-class-features": "^1.0.0",
        "estree-walker": "^3.0.0",
        "typescript": "^4.1.5",
        "uvu": "^0.5.1"
      }
    },
    "node_modules/@types/estree": {
      "version": "0.0.46",
      "resolved": "https://registry.npmjs.org/@types/estree/-/estree-0.0.46.tgz",
      "integrity": "sha512-laIjwTQaD+5DukBZaygQ79K1Z0jb1bPEMRrkXSLjtCcZm+abyp5YbrqpSLzD42FwWW6gK/aS4NYpJ804nG2brg=="
    },
    "node_modules/acorn": {
      "version": "8.0.5",
      "resolved": "https://registry.npmjs.org/acorn/-/acorn-8.0.5.tgz",
      "integrity": "sha512-v+DieK/HJkJOpFBETDJioequtc3PfxsWMaxIdIwujtF7FEV/MAyDQLlm6/zPvr7Mix07mLh6ccVwIsloceodlg==",
      "dev": true,
      "bin": {
        "acorn": "bin/acorn"
      },
      "engines": {
        "node": ">=0.4.0"
      }
    },
    "node_modules/acorn-class-fields": {
      "version": "1.0.0",
      "resolved": "https://registry.npmjs.org/acorn-class-fields/-/acorn-class-fields-1.0.0.tgz",
      "integrity": "sha512-l+1FokF34AeCXGBHkrXFmml9nOIRI+2yBnBpO5MaVAaTIJ96irWLtcCxX+7hAp6USHFCe+iyyBB4ZhxV807wmA==",
      "dev": true,
      "dependencies": {
        "acorn-private-class-elements": "^1.0.0"
      },
      "engines": {
        "node": ">=4.8.2"
      },
      "peerDependencies": {
        "acorn": "^6 || ^7 || ^8"
      }
    },
    "node_modules/acorn-private-class-elements": {
      "version": "1.0.0",
      "resolved": "https://registry.npmjs.org/acorn-private-class-elements/-/acorn-private-class-elements-1.0.0.tgz",
      "integrity": "sha512-zYNcZtxKgVCg1brS39BEou86mIao1EV7eeREG+6WMwKbuYTeivRRs6S2XdWnboRde6G9wKh2w+WBydEyJsJ6mg==",
      "dev": true,
      "engines": {
        "node": ">=4.8.2"
      },
      "peerDependencies": {
        "acorn": "^6.1.0 || ^7 || ^8"
      }
    },
    "node_modules/acorn-static-class-features": {
      "version": "1.0.0",
      "resolved": "https://registry.npmjs.org/acorn-static-class-features/-/acorn-static-class-features-1.0.0.tgz",
      "integrity": "sha512-XZJECjbmMOKvMHiNzbiPXuXpLAJfN3dAKtfIYbk1eHiWdsutlek+gS7ND4B8yJ3oqvHo1NxfafnezVmq7NXK0A==",
      "dev": true,
      "dependencies": {
        "acorn-private-class-elements": "^1.0.0"
      },
      "engines": {
        "node": ">=4.8.2"
      },
      "peerDependencies": {
        "acorn": "^6.1.0 || ^7 || ^8"
      }
    },
    "node_modules/dequal": {
      "version": "2.0.2",
      "resolved": "https://registry.npmjs.org/dequal/-/dequal-2.0.2.tgz",
      "integrity": "sha512-q9K8BlJVxK7hQYqa6XISGmBZbtQQWVXSrRrWreHC94rMt1QL/Impruc+7p2CYSYuVIUr+YCt6hjrs1kkdJRTug==",
      "dev": true,
      "engines": {
        "node": ">=6"
      }
    },
    "node_modules/diff": {
      "version": "5.0.0",
      "resolved": "https://registry.npmjs.org/diff/-/diff-5.0.0.tgz",
      "integrity": "sha512-/VTCrvm5Z0JGty/BWHljh+BAiw3IK+2j87NGMu8Nwc/f48WoDAC395uomO9ZD117ZOBaHmkX1oyLvkVM/aIT3w==",
      "dev": true,
      "engines": {
        "node": ">=0.3.1"
      }
    },
    "node_modules/estree-walker": {
      "version": "3.0.0",
      "resolved": "https://registry.npmjs.org/estree-walker/-/estree-walker-3.0.0.tgz",
      "integrity": "sha512-s6ceX0NFiU/vKPiKvFdR83U1Zffu7upwZsGwpoqfg5rbbq1l50WQ5hCeIvM6E6oD4shUHCYMsiFPns4Jk0YfMQ==",
      "dev": true
    },
    "node_modules/kleur": {
      "version": "4.1.4",
      "resolved": "https://registry.npmjs.org/kleur/-/kleur-4.1.4.tgz",
      "integrity": "sha512-8QADVssbrFjivHWQU7KkMgptGTl6WAcSdlbBPY4uNF+mWr6DGcKrvY2w4FQJoXch7+fKMjj0dRrL75vk3k23OA==",
      "dev": true,
      "engines": {
        "node": ">=6"
      }
    },
    "node_modules/mri": {
      "version": "1.1.6",
      "resolved": "https://registry.npmjs.org/mri/-/mri-1.1.6.tgz",
      "integrity": "sha512-oi1b3MfbyGa7FJMP9GmLTttni5JoICpYBRlq+x5V16fZbLsnL9N3wFqqIm/nIG43FjUFkFh9Epzp/kzUGUnJxQ==",
      "dev": true,
      "engines": {
        "node": ">=4"
      }
    },
    "node_modules/sade": {
      "version": "1.7.4",
      "resolved": "https://registry.npmjs.org/sade/-/sade-1.7.4.tgz",
      "integrity": "sha512-y5yauMD93rX840MwUJr7C1ysLFBgMspsdTo4UVrDg3fXDvtwOyIqykhVAAm6fk/3au77773itJStObgK+LKaiA==",
      "dev": true,
      "dependencies": {
        "mri": "^1.1.0"
      },
      "engines": {
        "node": ">= 6"
      }
    },
    "node_modules/totalist": {
      "version": "2.0.0",
      "resolved": "https://registry.npmjs.org/totalist/-/totalist-2.0.0.tgz",
      "integrity": "sha512-+Y17F0YzxfACxTyjfhnJQEe7afPA0GSpYlFkl2VFMxYP7jshQf9gXV7cH47EfToBumFThfKBvfAcoUn6fdNeRQ==",
      "dev": true,
      "engines": {
        "node": ">=6"
      }
    },
    "node_modules/typescript": {
      "version": "4.1.5",
      "resolved": "https://registry.npmjs.org/typescript/-/typescript-4.1.5.tgz",
      "integrity": "sha512-6OSu9PTIzmn9TCDiovULTnET6BgXtDYL4Gg4szY+cGsc3JP1dQL8qvE8kShTRx1NIw4Q9IBHlwODjkjWEtMUyA==",
      "dev": true,
      "bin": {
        "tsc": "bin/tsc",
        "tsserver": "bin/tsserver"
      },
      "engines": {
        "node": ">=4.2.0"
      }
    },
    "node_modules/uvu": {
      "version": "0.5.1",
      "resolved": "https://registry.npmjs.org/uvu/-/uvu-0.5.1.tgz",
      "integrity": "sha512-JGxttnOGDFs77FaZ0yMUHIzczzQ5R1IlDeNW6Wymw6gAscwMdAffVOP6TlxLIfReZyK8tahoGwWZaTCJzNFDkg==",
      "dev": true,
      "dependencies": {
        "dequal": "^2.0.0",
        "diff": "^5.0.0",
        "kleur": "^4.0.3",
        "sade": "^1.7.3",
        "totalist": "^2.0.0"
      },
      "bin": {
        "uvu": "bin.js"
      },
      "engines": {
        "node": ">=8"
      }
    }
  },
  "dependencies": {
    "@types/estree": {
      "version": "0.0.46",
      "resolved": "https://registry.npmjs.org/@types/estree/-/estree-0.0.46.tgz",
      "integrity": "sha512-laIjwTQaD+5DukBZaygQ79K1Z0jb1bPEMRrkXSLjtCcZm+abyp5YbrqpSLzD42FwWW6gK/aS4NYpJ804nG2brg=="
    },
    "acorn": {
      "version": "8.0.5",
      "resolved": "https://registry.npmjs.org/acorn/-/acorn-8.0.5.tgz",
      "integrity": "sha512-v+DieK/HJkJOpFBETDJioequtc3PfxsWMaxIdIwujtF7FEV/MAyDQLlm6/zPvr7Mix07mLh6ccVwIsloceodlg==",
      "dev": true
    },
    "acorn-class-fields": {
      "version": "1.0.0",
      "resolved": "https://registry.npmjs.org/acorn-class-fields/-/acorn-class-fields-1.0.0.tgz",
      "integrity": "sha512-l+1FokF34AeCXGBHkrXFmml9nOIRI+2yBnBpO5MaVAaTIJ96irWLtcCxX+7hAp6USHFCe+iyyBB4ZhxV807wmA==",
      "dev": true,
      "requires": {
        "acorn-private-class-elements": "^1.0.0"
      }
    },
    "acorn-private-class-elements": {
      "version": "1.0.0",
      "resolved": "https://registry.npmjs.org/acorn-private-class-elements/-/acorn-private-class-elements-1.0.0.tgz",
      "integrity": "sha512-zYNcZtxKgVCg1brS39BEou86mIao1EV7eeREG+6WMwKbuYTeivRRs6S2XdWnboRde6G9wKh2w+WBydEyJsJ6mg==",
      "dev": true,
      "requires": {}
    },
    "acorn-static-class-features": {
      "version": "1.0.0",
      "resolved": "https://registry.npmjs.org/acorn-static-class-features/-/acorn-static-class-features-1.0.0.tgz",
      "integrity": "sha512-XZJECjbmMOKvMHiNzbiPXuXpLAJfN3dAKtfIYbk1eHiWdsutlek+gS7ND4B8yJ3oqvHo1NxfafnezVmq7NXK0A==",
      "dev": true,
      "requires": {
        "acorn-private-class-elements": "^1.0.0"
      }
    },
    "dequal": {
      "version": "2.0.2",
      "resolved": "https://registry.npmjs.org/dequal/-/dequal-2.0.2.tgz",
      "integrity": "sha512-q9K8BlJVxK7hQYqa6XISGmBZbtQQWVXSrRrWreHC94rMt1QL/Impruc+7p2CYSYuVIUr+YCt6hjrs1kkdJRTug==",
      "dev": true
    },
    "diff": {
      "version": "5.0.0",
      "resolved": "https://registry.npmjs.org/diff/-/diff-5.0.0.tgz",
      "integrity": "sha512-/VTCrvm5Z0JGty/BWHljh+BAiw3IK+2j87NGMu8Nwc/f48WoDAC395uomO9ZD117ZOBaHmkX1oyLvkVM/aIT3w==",
      "dev": true
    },
    "estree-walker": {
      "version": "3.0.0",
      "resolved": "https://registry.npmjs.org/estree-walker/-/estree-walker-3.0.0.tgz",
      "integrity": "sha512-s6ceX0NFiU/vKPiKvFdR83U1Zffu7upwZsGwpoqfg5rbbq1l50WQ5hCeIvM6E6oD4shUHCYMsiFPns4Jk0YfMQ==",
      "dev": true
    },
    "kleur": {
      "version": "4.1.4",
      "resolved": "https://registry.npmjs.org/kleur/-/kleur-4.1.4.tgz",
      "integrity": "sha512-8QADVssbrFjivHWQU7KkMgptGTl6WAcSdlbBPY4uNF+mWr6DGcKrvY2w4FQJoXch7+fKMjj0dRrL75vk3k23OA==",
      "dev": true
    },
    "mri": {
      "version": "1.1.6",
      "resolved": "https://registry.npmjs.org/mri/-/mri-1.1.6.tgz",
      "integrity": "sha512-oi1b3MfbyGa7FJMP9GmLTttni5JoICpYBRlq+x5V16fZbLsnL9N3wFqqIm/nIG43FjUFkFh9Epzp/kzUGUnJxQ==",
      "dev": true
    },
    "sade": {
      "version": "1.7.4",
      "resolved": "https://registry.npmjs.org/sade/-/sade-1.7.4.tgz",
      "integrity": "sha512-y5yauMD93rX840MwUJr7C1ysLFBgMspsdTo4UVrDg3fXDvtwOyIqykhVAAm6fk/3au77773itJStObgK+LKaiA==",
      "dev": true,
      "requires": {
        "mri": "^1.1.0"
      }
    },
    "totalist": {
      "version": "2.0.0",
      "resolved": "https://registry.npmjs.org/totalist/-/totalist-2.0.0.tgz",
      "integrity": "sha512-+Y17F0YzxfACxTyjfhnJQEe7afPA0GSpYlFkl2VFMxYP7jshQf9gXV7cH47EfToBumFThfKBvfAcoUn6fdNeRQ==",
      "dev": true
    },
    "typescript": {
      "version": "4.1.5",
      "resolved": "https://registry.npmjs.org/typescript/-/typescript-4.1.5.tgz",
      "integrity": "sha512-6OSu9PTIzmn9TCDiovULTnET6BgXtDYL4Gg4szY+cGsc3JP1dQL8qvE8kShTRx1NIw4Q9IBHlwODjkjWEtMUyA==",
      "dev": true
    },
    "uvu": {
      "version": "0.5.1",
      "resolved": "https://registry.npmjs.org/uvu/-/uvu-0.5.1.tgz",
      "integrity": "sha512-JGxttnOGDFs77FaZ0yMUHIzczzQ5R1IlDeNW6Wymw6gAscwMdAffVOP6TlxLIfReZyK8tahoGwWZaTCJzNFDkg==",
      "dev": true,
      "requires": {
        "dequal": "^2.0.0",
        "diff": "^5.0.0",
        "kleur": "^4.0.3",
        "sade": "^1.7.3",
        "totalist": "^2.0.0"
      }
    }
  }
}
