{
  "name": "is-reference",
  "version": "2.0.0",
  "lockfileVersion": 1,
  "requires": true,
  "dependencies": {
    "@types/estree": {
      "version": "0.0.45",
      "resolved": "https://registry.npmjs.org/@types/estree/-/estree-0.0.45.tgz",
      "integrity": "sha512-jnqIUKDUqJbDIUxm0Uj7bnlMnRm1T/eZ9N+AVMqhPgzrba2GhGG5o/jCTwmdPK709nEZsGoMzXEDUjcXHa3W0g=="
    },
    "acorn": {
      "version": "7.2.0",
      "resolved": "https://registry.npmjs.org/acorn/-/acorn-7.2.0.tgz",
      "integrity": "sha512-apwXVmYVpQ34m/i71vrApRrRKCWQnZZF1+npOD0WV5xZFfwWOmKGQ2RWlfdy9vWITsenisM8M0Qeq8agcFHNiQ==",
      "dev": true
    },
    "acorn-class-fields": {
      "version": "0.3.2",
      "resolved": "https://registry.npmjs.org/acorn-class-fields/-/acorn-class-fields-0.3.2.tgz",
      "integrity": "sha512-wyqXoqzXSOF42uxHo40TMuC/KfloI66AZz6S1TeK8D2HjKzI7Boq1mSH2pB5RwKEJWgHqnewGpRFRZwR0qQCyQ==",
      "dev": true,
      "requires": {
        "acorn-private-class-elements": "^0.2.5"
      }
    },
    "acorn-private-class-elements": {
      "version": "0.2.5",
      "resolved": "https://registry.npmjs.org/acorn-private-class-elements/-/acorn-private-class-elements-0.2.5.tgz",
      "integrity": "sha512-3eApRrJmPjaxWB3XidP8YMeVq9pcswPFE0KsSWVuhceCU68ZS8fkcf0fTXGhCmnNd7n48NWWV27EKMFPeCoJLg==",
      "dev": true
    },
    "acorn-static-class-features": {
      "version": "0.2.1",
      "resolved": "https://registry.npmjs.org/acorn-static-class-features/-/acorn-static-class-features-0.2.1.tgz",
      "integrity": "sha512-eLIAEBFwu1bcZD+39u5PAcAargtkI5tY1uDRQV6SB3zY4JIO0vqvSdtZ8hz1GGZIVY/d3RDxkM9BLTPTNNVwGw==",
      "dev": true,
      "requires": {
        "acorn-private-class-elements": "^0.2.3"
      }
    },
    "dequal": {
      "version": "2.0.2",
      "resolved": "https://registry.npmjs.org/dequal/-/dequal-2.0.2.tgz",
      "integrity": "sha512-q9K8BlJVxK7hQYqa6XISGmBZbtQQWVXSrRrWreHC94rMt1QL/Impruc+7p2CYSYuVIUr+YCt6hjrs1kkdJRTug==",
      "dev": true
    },
    "estree-walker": {
      "version": "3.0.0",
      "resolved": "https://registry.npmjs.org/estree-walker/-/estree-walker-3.0.0.tgz",
      "integrity": "sha512-s6ceX0NFiU/vKPiKvFdR83U1Zffu7upwZsGwpoqfg5rbbq1l50WQ5hCeIvM6E6oD4shUHCYMsiFPns4Jk0YfMQ==",
      "dev": true
    },
    "kleur": {
      "version": "4.1.4",
      "resolved": "https://registry.npmjs.org/kleur/-/kleur-4.1.4.tgz",
      "integrity": "sha512-8QADVssbrFjivHWQU7KkMgptGTl6WAcSdlbBPY4uNF+mWr6DGcKrvY2w4FQJoXch7+fKMjj0dRrL75vk3k23OA==",
      "dev": true
    },
    "mri": {
      "version": "1.1.6",
      "resolved": "https://registry.npmjs.org/mri/-/mri-1.1.6.tgz",
      "integrity": "sha512-oi1b3MfbyGa7FJMP9GmLTttni5JoICpYBRlq+x5V16fZbLsnL9N3wFqqIm/nIG43FjUFkFh9Epzp/kzUGUnJxQ==",
      "dev": true
    },
    "sade": {
      "version": "1.7.4",
      "resolved": "https://registry.npmjs.org/sade/-/sade-1.7.4.tgz",
      "integrity": "sha512-y5yauMD93rX840MwUJr7C1ysLFBgMspsdTo4UVrDg3fXDvtwOyIqykhVAAm6fk/3au77773itJStObgK+LKaiA==",
      "dev": true,
      "requires": {
        "mri": "^1.1.0"
      }
    },
    "totalist": {
      "version": "2.0.0",
      "resolved": "https://registry.npmjs.org/totalist/-/totalist-2.0.0.tgz",
      "integrity": "sha512-+Y17F0YzxfACxTyjfhnJQEe7afPA0GSpYlFkl2VFMxYP7jshQf9gXV7cH47EfToBumFThfKBvfAcoUn6fdNeRQ==",
      "dev": true
    },
    "typescript": {
      "version": "3.9.2",
      "resolved": "https://registry.npmjs.org/typescript/-/typescript-3.9.2.tgz",
      "integrity": "sha512-q2ktq4n/uLuNNShyayit+DTobV2ApPEo/6so68JaD5ojvc/6GClBipedB9zNWYxRSAlZXAe405Rlijzl6qDiSw==",
      "dev": true
    },
    "uvu": {
      "version": "0.5.1",
      "resolved": "https://registry.npmjs.org/uvu/-/uvu-0.5.1.tgz",
      "integrity": "sha512-JGxttnOGDFs77FaZ0yMUHIzczzQ5R1IlDeNW6Wymw6gAscwMdAffVOP6TlxLIfReZyK8tahoGwWZaTCJzNFDkg==",
      "dev": true,
      "requires": {
        "dequal": "^2.0.0",
        "diff": "^5.0.0",
        "kleur": "^4.0.3",
        "sade": "^1.7.3",
        "totalist": "^2.0.0"
      },
      "dependencies": {
        "diff": {
          "version": "5.0.0",
          "resolved": "https://registry.npmjs.org/diff/-/diff-5.0.0.tgz",
          "integrity": "sha512-/VTCrvm5Z0JGty/BWHljh+BAiw3IK+2j87NGMu8Nwc/f48WoDAC395uomO9ZD117ZOBaHmkX1oyLvkVM/aIT3w==",
          "dev": true
        }
      }
    }
  }
}
